
Microsoft Visual Studio Solution File, Format Version 12.00
# Visual Studio Version 17
VisualStudioVersion = 17.9.34723.18
MinimumVisualStudioVersion = 10.0.40219.1
Project("{FAE04EC0-301F-11D3-BF4B-00C04F79EFBC}") = "MonitoOrder", "MonitoOrder\MonitoOrder.csproj", "{E077C406-A855-4D53-8925-8383EADDB361}"
EndProject
Global
	GlobalSection(SolutionConfigurationPlatforms) = preSolution
		Debug|Any CPU = Debug|Any CPU
		Release|Any CPU = Release|Any CPU
	EndGlobalSection
	GlobalSection(ProjectConfigurationPlatforms) = postSolution
		{E077C406-A855-4D53-8925-8383EADDB361}.Debug|Any CPU.ActiveCfg = Debug|Any CPU
		{E077C406-A855-4D53-8925-8383EADDB361}.Debug|Any CPU.Build.0 = Debug|Any CPU
		{E077C406-A855-4D53-8925-8383EADDB361}.Release|Any CPU.ActiveCfg = Release|Any CPU
		{E077C406-A855-4D53-8925-8383EADDB361}.Release|Any CPU.Build.0 = Release|Any CPU
	EndGlobalSection
	GlobalSection(SolutionProperties) = preSolution
		HideSolutionNode = FALSE
	EndGlobalSection
	GlobalSection(ExtensibilityGlobals) = postSolution
		SolutionGuid = {BCA2389E-7F32-489A-AA1E-D80D0D822474}
	EndGlobalSection
EndGlobal
